
Microsoft Visual Studio Solution File, Format Version 12.00
# Visual Studio Version 17
VisualStudioVersion = 17.3.32929.385
MinimumVisualStudioVersion = 10.0.40219.1
Project("{9A19103F-16F7-4668-BE54-9A1E7A4F7556}") = "OnlineVoting", "OnlineVoting\OnlineVoting.csproj", "{343F7664-7A59-4D13-A368-F61800DE5FAE}"
EndProject
Project("{9A19103F-16F7-4668-BE54-9A1E7A4F7556}") = "OnlineVotingTests", "OnlineVotingTests\OnlineVotingTests.csproj", "{D3F91107-325A-4B32-9E63-A91123537538}"
EndProject
Project("{FAE04EC0-301F-11D3-BF4B-00C04F79EFBC}") = "CodeTuningTests", "CodeTuningTests\CodeTuningTests.csproj", "{AE4DEF7D-EDAF-459E-8005-7FD84EDEF8FF}"
EndProject
Global
	GlobalSection(SolutionConfigurationPlatforms) = preSolution
		Debug|Any CPU = Debug|Any CPU
		Release|Any CPU = Release|Any CPU
	EndGlobalSection
	GlobalSection(ProjectConfigurationPlatforms) = postSolution
		{343F7664-7A59-4D13-A368-F61800DE5FAE}.Debug|Any CPU.ActiveCfg = Debug|Any CPU
		{343F7664-7A59-4D13-A368-F61800DE5FAE}.Debug|Any CPU.Build.0 = Debug|Any CPU
		{343F7664-7A59-4D13-A368-F61800DE5FAE}.Release|Any CPU.ActiveCfg = Release|Any CPU
		{343F7664-7A59-4D13-A368-F61800DE5FAE}.Release|Any CPU.Build.0 = Release|Any CPU
		{D3F91107-325A-4B32-9E63-A91123537538}.Debug|Any CPU.ActiveCfg = Debug|Any CPU
		{D3F91107-325A-4B32-9E63-A91123537538}.Debug|Any CPU.Build.0 = Debug|Any CPU
		{D3F91107-325A-4B32-9E63-A91123537538}.Release|Any CPU.ActiveCfg = Release|Any CPU
		{D3F91107-325A-4B32-9E63-A91123537538}.Release|Any CPU.Build.0 = Release|Any CPU
		{AE4DEF7D-EDAF-459E-8005-7FD84EDEF8FF}.Debug|Any CPU.ActiveCfg = Debug|Any CPU
		{AE4DEF7D-EDAF-459E-8005-7FD84EDEF8FF}.Debug|Any CPU.Build.0 = Debug|Any CPU
		{AE4DEF7D-EDAF-459E-8005-7FD84EDEF8FF}.Release|Any CPU.ActiveCfg = Release|Any CPU
		{AE4DEF7D-EDAF-459E-8005-7FD84EDEF8FF}.Release|Any CPU.Build.0 = Release|Any CPU
	EndGlobalSection
	GlobalSection(SolutionProperties) = preSolution
		HideSolutionNode = FALSE
	EndGlobalSection
	GlobalSection(ExtensibilityGlobals) = postSolution
		SolutionGuid = {9B7AB528-55CC-4416-908A-52FE50B30A06}
	EndGlobalSection
EndGlobal
